{
  "nodes": {
    "cloud-native": {
      "inputs": {
        "flake-utils": [
          "flake-utils"
        ],
        "master": [
          "nixpkgs-master"
        ],
        "nixpkgs": [
          "unstable"
        ]
      },
      "locked": {
        "lastModified": 1617645507,
        "narHash": "sha256-BPBt1843223gNKNxd8BiX2mPQFYCA+KZR14DtJ2nw6w=",
        "owner": "shanesveller",
        "repo": "flake-cloud-native",
        "rev": "be8237c145da13a411df57301cb181aa17b3e353",
        "type": "github"
      },
      "original": {
        "owner": "shanesveller",
        "repo": "flake-cloud-native",
        "type": "github"
      }
    },
    "darwin": {
      "inputs": {
        "nixpkgs": [
          "nixpkgs-darwin"
        ]
      },
      "locked": {
        "lastModified": 1634994402,
        "narHash": "sha256-xmlCVVOYGpZoxgOqsDOVF0B0ASrnbNGVAEzID9qh2xo=",
        "owner": "lnl7",
        "repo": "nix-darwin",
        "rev": "44da835ac40dab5fd231298b59d83487382d2fab",
        "type": "github"
      },
      "original": {
        "owner": "lnl7",
        "ref": "master",
        "repo": "nix-darwin",
        "type": "github"
      }
    },
    "emacs-overlay": {
      "locked": {
        "lastModified": 1637771311,
        "narHash": "sha256-94BT3fWPYh+nr77oFfiz3/BJey9BkYgH21BwmXK2V6c=",
        "owner": "nix-community",
        "repo": "emacs-overlay",
        "rev": "11059911b8f96237b365f9b49d9d031963475a19",
        "type": "github"
      },
      "original": {
        "owner": "nix-community",
        "repo": "emacs-overlay",
        "type": "github"
      }
    },
    "flake-utils": {
      "locked": {
        "lastModified": 1638122382,
        "narHash": "sha256-sQzZzAbvKEqN9s0bzWuYmRaA03v40gaJ4+iL1LXjaeI=",
        "owner": "numtide",
        "repo": "flake-utils",
        "rev": "74f7e4319258e287b0f9cb95426c9853b282730b",
        "type": "github"
      },
      "original": {
        "owner": "numtide",
        "repo": "flake-utils",
        "type": "github"
      }
    },
    "flake-utils-plus": {
      "inputs": {
        "flake-utils": [
          "flake-utils"
        ]
      },
      "locked": {
        "lastModified": 1637587984,
        "narHash": "sha256-s3KEUO1DwCrnCfNxdj9HYwrgLYxZkoPKi4w6qa2ikCg=",
        "owner": "gytis-ivaskevicius",
        "repo": "flake-utils-plus",
        "rev": "1eb995f9885a056a70f2e82738ae29e726e6d43a",
        "type": "github"
      },
      "original": {
        "owner": "gytis-ivaskevicius",
        "repo": "flake-utils-plus",
        "type": "github"
      }
    },
    "home-manager": {
      "inputs": {
        "nixpkgs": [
          "nixpkgs"
        ]
      },
      "locked": {
        "lastModified": 1637917894,
        "narHash": "sha256-mzkyjq+OW1K5XHG43zrnjJX/K1ehahVWlKjMzWX/Vvg=",
        "owner": "nix-community",
        "repo": "home-manager",
        "rev": "7efd99ef876c220848553ae10218685d5e5d79cb",
        "type": "github"
      },
      "original": {
        "owner": "nix-community",
        "ref": "release-21.05",
        "repo": "home-manager",
        "type": "github"
      }
    },
    "home-manager-unstable": {
      "inputs": {
        "nixpkgs": [
          "unstable"
        ]
      },
      "locked": {
        "lastModified": 1638130066,
        "narHash": "sha256-BdrVURx4wUUagLbXJXnJ816Xl2IicDp12Sw6OKZn4ug=",
        "owner": "nix-community",
        "repo": "home-manager",
        "rev": "3ec7f6fb43ff77cff429aba1a2541d28cc44d37c",
        "type": "github"
      },
      "original": {
        "owner": "nix-community",
        "repo": "home-manager",
        "type": "github"
      }
    },
    "nixpkgs": {
      "locked": {
        "lastModified": 1637448181,
        "narHash": "sha256-ujcXli4esmtIHUBjE1BjmMuBWrcNvlHZrVXx56i5B1M=",
        "owner": "NixOS",
        "repo": "nixpkgs",
        "rev": "d5b65f812cd4f5a8fa74b406075b59a46f1cfd98",
        "type": "github"
      },
      "original": {
        "id": "nixpkgs",
        "ref": "nixos-21.05",
        "type": "indirect"
      }
    },
    "nixpkgs-darwin": {
      "locked": {
        "lastModified": 1638109994,
        "narHash": "sha256-OpA37PTiPMIqoRJbufbl5rOLII7HeeGcA0yl7FoyCIE=",
        "owner": "NixOS",
        "repo": "nixpkgs",
        "rev": "a284564b7f75ac4db73607db02076e8da9d42c9d",
        "type": "github"
      },
      "original": {
        "id": "nixpkgs",
        "ref": "nixpkgs-21.05-darwin",
        "type": "indirect"
      }
    },
    "nixpkgs-master": {
      "locked": {
        "lastModified": 1638133678,
        "narHash": "sha256-iYpfV+O1RwFZvDBpWgNDO5JfSOTCe456j457L22JYs0=",
        "owner": "NixOS",
        "repo": "nixpkgs",
        "rev": "fb41277df396a390a08a3b3afa57f122df618d4b",
        "type": "github"
      },
      "original": {
        "id": "nixpkgs",
        "ref": "master",
        "type": "indirect"
      }
    },
    "pre-commit": {
      "inputs": {
        "flake-utils": [
          "flake-utils"
        ],
        "nixpkgs": [
          "unstable"
        ]
      },
      "locked": {
        "lastModified": 1637745948,
        "narHash": "sha256-DmQG1bZk24eS+BAHwnHPyYIadMLKbq0d1b//iapYIPU=",
        "owner": "cachix",
        "repo": "pre-commit-hooks.nix",
        "rev": "c3b4f94350b0e59c2546fa85890cc70d03616b9c",
        "type": "github"
      },
      "original": {
        "owner": "cachix",
        "repo": "pre-commit-hooks.nix",
        "type": "github"
      }
    },
    "root": {
      "inputs": {
        "cloud-native": "cloud-native",
        "darwin": "darwin",
        "emacs-overlay": "emacs-overlay",
        "flake-utils": "flake-utils",
        "flake-utils-plus": "flake-utils-plus",
        "home-manager": "home-manager",
        "home-manager-unstable": "home-manager-unstable",
        "nixpkgs": "nixpkgs",
        "nixpkgs-darwin": "nixpkgs-darwin",
        "nixpkgs-master": "nixpkgs-master",
        "pre-commit": "pre-commit",
        "rust-overlay": "rust-overlay",
        "unstable": "unstable"
      }
    },
    "rust-overlay": {
      "inputs": {
        "flake-utils": [
          "flake-utils"
        ],
        "nixpkgs": [
          "unstable"
        ]
      },
      "locked": {
        "lastModified": 1638065687,
        "narHash": "sha256-T8s/mgeS74Qtk48HEnZiQxpleekJP6rFPgkffG7imBc=",
        "owner": "oxalica",
        "repo": "rust-overlay",
        "rev": "1cd4ebce6b21f9aa38bfa3d5021135ea5568797f",
        "type": "github"
      },
      "original": {
        "owner": "oxalica",
        "repo": "rust-overlay",
        "type": "github"
      }
    },
    "unstable": {
      "locked": {
        "lastModified": 1637753138,
        "narHash": "sha256-yo7E4a/miP77fH3Ksp9tmYECAPjxBeweJFeZ4tX9O/U=",
        "owner": "NixOS",
        "repo": "nixpkgs",
        "rev": "39cb89ef2ffcbef8d2ac2d52267ac69121a6becb",
        "type": "github"
      },
      "original": {
        "id": "nixpkgs",
        "ref": "nixos-unstable",
        "type": "indirect"
      }
    }
  },
  "root": "root",
  "version": 7
}
